github.com/cheggaaa/pb v1.0.27+incompatible h1:rPHAIpCeDLk3qMb/8b8LFlqlFy6umRA+ZdDl8+amsMs=
github.com/cheggaaa/pb v1.0.27+incompatible/go.mod h1:pQciLPpbU0oxA0h+VJYYLxO+XeDQb5pZijXscXHm81s=
github.com/fatih/color v1.7.0 h1:DkWD4oS2D8LGGgTQ6IvwJJXSL5Vp2ffcQg58nFV38Ys=
github.com/fatih/color v1.7.0/go.mod h1:Zm6kSWBoL9eyXnKyktHP6abPY2pDugNf5KwzbycvMj4=
github.com/jroimartin/gocui v0.4.0 h1:52jnalstgmc25FmtGcWqa0tcbMEWS6RpFLsOIO+I+E8=
github.com/jroimartin/gocui v0.4.0/go.mod h1:7i7bbj99OgFHzo7kB2zPb8pXLqMBSQegY7azfqXMkyY=
github.com/kennygrant/sanitize v1.2.4 h1:gN25/otpP5vAsO2djbMhF/LQX6R7+O1TB4yv8NzpJ3o=
github.com/kennygrant/sanitize v1.2.4/go.mod h1:LGsjYYtgxbetdg5owWB2mpgUL6e2nfw2eObZ0u0qvak=
github.com/krig/go-sox v0.0.0-20180617124112-7d2f8ae31981 h1:ir4NRMjkkSP63kAOiFDTQN3dcs0o6c0f1cfpe9V8JT0=
github.com/krig/go-sox v0.0.0-20180617124112-7d2f8ae31981/go.mod h1:0uPmTzngejep+JBRxvlmijKKMexuskpMCzWFp+oFzc4=
github.com/mattn/go-colorable v0.0.9 h1:UVL0vNpWh04HeJXV0KLcaT7r06gOH2l4OW6ddYRUIY4=
github.com/mattn/go-colorable v0.0.9/go.mod h1:9vuHe8Xs5qXnSaW/c/ABM9alt+Vo+STaOChaDxuIBZU=
github.com/mattn/go-isatty v0.0.4 h1:bnP0vzxcAdeI1zdubAl5PjU6zsERjGZb7raWodagDYs=
github.com/mattn/go-isatty v0.0.4/go.mod h1:M+lRXTBqGeGNdLjl/ufCoiOlB5xdOkqRJdNxMWT7Zi4=
github.com/mattn/go-runewidth v0.0.4 h1:2BvfKmzob6Bmd4YsL0zygOqfdFnK7GR4QL06Do4/p7Y=
github.com/mattn/go-runewidth v0.0.4/go.mod h1:LwmH8dsx7+W8Uxz3IHJYH5QSwggIsqBzpuz5H//U1FU=
github.com/nsf/termbox-go v0.0.0-20181027232701-60ab7e3d12ed h1:bAVGG6B+R5qpSylrrA+BAMrzYkdAoiTaKPVxRB+4cyM=
github.com/nsf/termbox-go v0.0.0-20181027232701-60ab7e3d12ed/go.mod h1:IuKpRQcYE1Tfu+oAQqaLisqDeXgjyyltCfsaoYN18NQ=
github.com/paulrosania/go-charset v0.0.0-20151028000031-621bb39fcc83 h1:XQonH5Iv5rbyIkMJOQ4xKmKHQTh8viXtRSmep5Ca5I4=
github.com/paulrosania/go-charset v0.0.0-20151028000031-621bb39fcc83/go.mod h1:YnNlZP7l4MhyGQ4CBRwv6ohZTPrUJJZtEv4ZgADkbs4=
github.com/ungerik/go-rss v0.0.0-20180730053843-e6dab863fc93 h1:cIUXfX2MFxoqLUGrOZRQSLtnYm6B3td3sYieXIoIfu8=
github.com/ungerik/go-rss v0.0.0-20180730053843-e6dab863fc93/go.mod h1:R03OUKzHLOsCmUIogG/MnuOT16WavFJVZMtg26gRhC0=
golang.org/x/net v0.0.0-20181220203305-927f97764cc3 h1:eH6Eip3UpmR+yM/qI9Ijluzb1bNv/cAU/n+6l8tRSis=
golang.org/x/net v0.0.0-20181220203305-927f97764cc3/go.mod h1:mL1N/T3taQHkDXs73rZJwtUhF3w3ftmwwsq0BUmARs4=
golang.org/x/sys v0.0.0-20181221143128-b4a75ba826a6 h1:IcgEB62HYgAhX0Nd/QrVgZlxlcyxbGQHElLUhW2X4Fo=
golang.org/x/sys v0.0.0-20181221143128-b4a75ba826a6/go.mod h1:STP8DvDyc/dI5b8T5hshtkjS+E42TnysNCUPdjciGhY=
gopkg.in/cheggaaa/pb.v1 v1.0.27 h1:kJdccidYzt3CaHD1crCFTS1hxyhSi059NhOFUf03YFo=
gopkg.in/cheggaaa/pb.v1 v1.0.27/go.mod h1:V/YB90LKu/1FcN3WVnfiiE5oMCibMjukxqG/qStrOgw=
